// !$*UTF8*$!
{
	archiveVersion = 1;
	classes = {
	};
	objectVersion = 50;
	objects = {

/* Begin PBXBuildFile section */
		C88F7BEE272103A400670C04 /* AppDelegate.swift in Sources */ = {isa = PBXBuildFile; fileRef = C88F7BED272103A400670C04 /* AppDelegate.swift */; };
		C88F7BF0272103A400670C04 /* SceneDelegate.swift in Sources */ = {isa = PBXBuildFile; fileRef = C88F7BEF272103A400670C04 /* SceneDelegate.swift */; };
		C88F7BF2272103A400670C04 /* ViewController.swift in Sources */ = {isa = PBXBuildFile; fileRef = C88F7BF1272103A400670C04 /* ViewController.swift */; };
		C88F7BF5272103A400670C04 /* Main.storyboard in Resources */ = {isa = PBXBuildFile; fileRef = C88F7BF3272103A400670C04 /* Main.storyboard */; };
		C88F7BF7272103A600670C04 /* Assets.xcassets in Resources */ = {isa = PBXBuildFile; fileRef = C88F7BF6272103A600670C04 /* Assets.xcassets */; };
		C88F7BFA272103A600670C04 /* LaunchScreen.storyboard in Resources */ = {isa = PBXBuildFile; fileRef = C88F7BF8272103A600670C04 /* LaunchScreen.storyboard */; };
		C88F7C032721066A00670C04 /* AddPersonViewController.swift in Sources */ = {isa = PBXBuildFile; fileRef = C88F7C022721066A00670C04 /* AddPersonViewController.swift */; };
		C88F7C062721082B00670C04 /* Person.swift in Sources */ = {isa = PBXBuildFile; fileRef = C88F7C052721082B00670C04 /* Person.swift */; };
/* End PBXBuildFile section */

/* Begin PBXFileReference section */
		C88F7BEA272103A400670C04 /* DelegatesExample.app */ = {isa = PBXFileReference; explicitFileType = wrapper.application; includeInIndex = 0; path = DelegatesExample.app; sourceTree = BUILT_PRODUCTS_DIR; };
		C88F7BED272103A400670C04 /* AppDelegate.swift */ = {isa = PBXFileReference; lastKnownFileType = sourcecode.swift; path = AppDelegate.swift; sourceTree = "<group>"; };
		C88F7BEF272103A400670C04 /* SceneDelegate.swift */ = {isa = PBXFileReference; lastKnownFileType = sourcecode.swift; path = SceneDelegate.swift; sourceTree = "<group>"; };
		C88F7BF1272103A400670C04 /* ViewController.swift */ = {isa = PBXFileReference; lastKnownFileType = sourcecode.swift; path = ViewController.swift; sourceTree = "<group>"; };
		C88F7BF4272103A400670C04 /* Base */ = {isa = PBXFileReference; lastKnownFileType = file.storyboard; name = Base; path = Base.lproj/Main.storyboard; sourceTree = "<group>"; };
		C88F7BF6272103A600670C04 /* Assets.xcassets */ = {isa = PBXFileReference; lastKnownFileType = folder.assetcatalog; path = Assets.xcassets; sourceTree = "<group>"; };
		C88F7BF9272103A600670C04 /* Base */ = {isa = PBXFileReference; lastKnownFileType = file.storyboard; name = Base; path = Base.lproj/LaunchScreen.storyboard; sourceTree = "<group>"; };
		C88F7BFB272103A600670C04 /* Info.plist */ = {isa = PBXFileReference; lastKnownFileType = text.plist.xml; path = Info.plist; sourceTree = "<group>"; };
		C88F7C022721066A00670C04 /* AddPersonViewController.swift */ = {isa = PBXFileReference; lastKnownFileType = sourcecode.swift; path = AddPersonViewController.swift; sourceTree = "<group>"; };
		C88F7C052721082B00670C04 /* Person.swift */ = {isa = PBXFileReference; lastKnownFileType = sourcecode.swift; path = Person.swift; sourceTree = "<group>"; };
/* End PBXFileReference section */

/* Begin PBXFrameworksBuildPhase section */
		C88F7BE7272103A400670C04 /* Frameworks */ = {
			isa = PBXFrameworksBuildPhase;
			buildActionMask = 2147483647;
			files = (
			);
			runOnlyForDeploymentPostprocessing = 0;
		};
/* End PBXFrameworksBuildPhase section */

/* Begin PBXGroup section */
		C88F7BE1272103A400670C04 = {
			isa = PBXGroup;
			children = (
				C88F7BEC272103A400670C04 /* DelegatesExample */,
				C88F7BEB272103A400670C04 /* Products */,
			);
			sourceTree = "<group>";
		};
		C88F7BEB272103A400670C04 /* Products */ = {
			isa = PBXGroup;
			children = (
				C88F7BEA272103A400670C04 /* DelegatesExample.app */,
			);
			name = Products;
			sourceTree = "<group>";
		};
		C88F7BEC272103A400670C04 /* DelegatesExample */ = {
			isa = PBXGroup;
			children = (
				C88F7C042721082100670C04 /* Models */,
				C88F7C01272103BC00670C04 /* ViewControllers */,
				C88F7BED272103A400670C04 /* AppDelegate.swift */,
				C88F7BEF272103A400670C04 /* SceneDelegate.swift */,
				C88F7BF3272103A400670C04 /* Main.storyboard */,
				C88F7BF6272103A600670C04 /* Assets.xcassets */,
				C88F7BF8272103A600670C04 /* LaunchScreen.storyboard */,
				C88F7BFB272103A600670C04 /* Info.plist */,
			);
			path = DelegatesExample;
			sourceTree = "<group>";
		};
		C88F7C01272103BC00670C04 /* ViewControllers */ = {
			isa = PBXGroup;
			children = (
				C88F7BF1272103A400670C04 /* ViewController.swift */,
				C88F7C022721066A00670C04 /* AddPersonViewController.swift */,
			);
			path = ViewControllers;
			sourceTree = "<group>";
		};
		C88F7C042721082100670C04 /* Models */ = {
			isa = PBXGroup;
			children = (
				C88F7C052721082B00670C04 /* Person.swift */,
			);
			path = Models;
			sourceTree = "<group>";
		};
/* End PBXGroup section */

/* Begin PBXNativeTarget section */
		C88F7BE9272103A400670C04 /* DelegatesExample */ = {
			isa = PBXNativeTarget;
			buildConfigurationList = C88F7BFE272103A600670C04 /* Build configuration list for PBXNativeTarget "DelegatesExample" */;
			buildPhases = (
				C88F7BE6272103A400670C04 /* Sources */,
				C88F7BE7272103A400670C04 /* Frameworks */,
				C88F7BE8272103A400670C04 /* Resources */,
			);
			buildRules = (
			);
			dependencies = (
			);
			name = DelegatesExample;
			productName = DelegatesExample;
			productReference = C88F7BEA272103A400670C04 /* DelegatesExample.app */;
			productType = "com.apple.product-type.application";
		};
/* End PBXNativeTarget section */

/* Begin PBXProject section */
		C88F7BE2272103A400670C04 /* Project object */ = {
			isa = PBXProject;
			attributes = {
				LastSwiftUpdateCheck = 1250;
				LastUpgradeCheck = 1250;
				TargetAttributes = {
					C88F7BE9272103A400670C04 = {
						CreatedOnToolsVersion = 12.5.1;
					};
				};
			};
			buildConfigurationList = C88F7BE5272103A400670C04 /* Build configuration list for PBXProject "DelegatesExample" */;
			compatibilityVersion = "Xcode 9.3";
			developmentRegion = en;
			hasScannedForEncodings = 0;
			knownRegions = (
				en,
				Base,
			);
			mainGroup = C88F7BE1272103A400670C04;
			productRefGroup = C88F7BEB272103A400670C04 /* Products */;
			projectDirPath = "";
			projectRoot = "";
			targets = (
				C88F7BE9272103A400670C04 /* DelegatesExample */,
			);
		};
/* End PBXProject section */

/* Begin PBXResourcesBuildPhase section */
		C88F7BE8272103A400670C04 /* Resources */ = {
			isa = PBXResourcesBuildPhase;
			buildActionMask = 2147483647;
			files = (
				C88F7BFA272103A600670C04 /* LaunchScreen.storyboard in Resources */,
				C88F7BF7272103A600670C04 /* Assets.xcassets in Resources */,
				C88F7BF5272103A400670C04 /* Main.storyboard in Resources */,
			);
			runOnlyForDeploymentPostprocessing = 0;
		};
/* End PBXResourcesBuildPhase section */

/* Begin PBXSourcesBuildPhase section */
		C88F7BE6272103A400670C04 /* Sources */ = {
			isa = PBXSourcesBuildPhase;
			buildActionMask = 2147483647;
			files = (
				C88F7C062721082B00670C04 /* Person.swift in Sources */,
				C88F7BF2272103A400670C04 /* ViewController.swift in Sources */,
				C88F7BEE272103A400670C04 /* AppDelegate.swift in Sources */,
				C88F7BF0272103A400670C04 /* SceneDelegate.swift in Sources */,
				C88F7C032721066A00670C04 /* AddPersonViewController.swift in Sources */,
			);
			runOnlyForDeploymentPostprocessing = 0;
		};
/* End PBXSourcesBuildPhase section */

/* Begin PBXVariantGroup section */
		C88F7BF3272103A400670C04 /* Main.storyboard */ = {
			isa = PBXVariantGroup;
			children = (
				C88F7BF4272103A400670C04 /* Base */,
			);
			name = Main.storyboard;
			sourceTree = "<group>";
		};
		C88F7BF8272103A600670C04 /* LaunchScreen.storyboard */ = {
			isa = PBXVariantGroup;
			children = (
				C88F7BF9272103A600670C04 /* Base */,
			);
			name = LaunchScreen.storyboard;
			sourceTree = "<group>";
		};
/* End PBXVariantGroup section */

/* Begin XCBuildConfiguration section */
		C88F7BFC272103A600670C04 /* Debug */ = {
			isa = XCBuildConfiguration;
			buildSettings = {
				ALWAYS_SEARCH_USER_PATHS = NO;
				CLANG_ANALYZER_NONNULL = YES;
				CLANG_ANALYZER_NUMBER_OBJECT_CONVERSION = YES_AGGRESSIVE;
				CLANG_CXX_LANGUAGE_STANDARD = "gnu++14";
				CLANG_CXX_LIBRARY = "libc++";
				CLANG_ENABLE_MODULES = YES;
				CLANG_ENABLE_OBJC_ARC = YES;
				CLANG_ENABLE_OBJC_WEAK = YES;
				CLANG_WARN_BLOCK_CAPTURE_AUTORELEASING = YES;
				CLANG_WARN_BOOL_CONVERSION = YES;
				CLANG_WARN_COMMA = YES;
				CLANG_WARN_CONSTANT_CONVERSION = YES;
				CLANG_WARN_DEPRECATED_OBJC_IMPLEMENTATIONS = YES;
				CLANG_WARN_DIRECT_OBJC_ISA_USAGE = YES_ERROR;
				CLANG_WARN_DOCUMENTATION_COMMENTS = YES;
				CLANG_WARN_EMPTY_BODY = YES;
				CLANG_WARN_ENUM_CONVERSION = YES;
				CLANG_WARN_INFINITE_RECURSION = YES;
				CLANG_WARN_INT_CONVERSION = YES;
				CLANG_WARN_NON_LITERAL_NULL_CONVERSION = YES;
				CLANG_WARN_OBJC_IMPLICIT_RETAIN_SELF = YES;
				CLANG_WARN_OBJC_LITERAL_CONVERSION = YES;
				CLANG_WARN_OBJC_ROOT_CLASS = YES_ERROR;
				CLANG_WARN_QUOTED_INCLUDE_IN_FRAMEWORK_HEADER = YES;
				CLANG_WARN_RANGE_LOOP_ANALYSIS = YES;
				CLANG_WARN_STRICT_PROTOTYPES = YES;
				CLANG_WARN_SUSPICIOUS_MOVE = YES;
				CLANG_WARN_UNGUARDED_AVAILABILITY = YES_AGGRESSIVE;
				CLANG_WARN_UNREACHABLE_CODE = YES;
				CLANG_WARN__DUPLICATE_METHOD_MATCH = YES;
				COPY_PHASE_STRIP = NO;
				DEBUG_INFORMATION_FORMAT = dwarf;
				ENABLE_STRICT_OBJC_MSGSEND = YES;
				ENABLE_TESTABILITY = YES;
				GCC_C_LANGUAGE_STANDARD = gnu11;
				GCC_DYNAMIC_NO_PIC = NO;
				GCC_NO_COMMON_BLOCKS = YES;
				GCC_OPTIMIZATION_LEVEL = 0;
				GCC_PREPROCESSOR_DEFINITIONS = (
					"DEBUG=1",
					"$(inherited)",
				);
				GCC_WARN_64_TO_32_BIT_CONVERSION = YES;
				GCC_WARN_ABOUT_RETURN_TYPE = YES_ERROR;
				GCC_WARN_UNDECLARED_SELECTOR = YES;
				GCC_WARN_UNINITIALIZED_AUTOS = YES_AGGRESSIVE;
				GCC_WARN_UNUSED_FUNCTION = YES;
				GCC_WARN_UNUSED_VARIABLE = YES;
				IPHONEOS_DEPLOYMENT_TARGET = 14.5;
				MTL_ENABLE_DEBUG_INFO = INCLUDE_SOURCE;
				MTL_FAST_MATH = YES;
				ONLY_ACTIVE_ARCH = YES;
				SDKROOT = iphoneos;
				SWIFT_ACTIVE_COMPILATION_CONDITIONS = DEBUG;
				SWIFT_OPTIMIZATION_LEVEL = "-Onone";
			};
			name = Debug;
		};
		C88F7BFD272103A600670C04 /* Release */ = {
			isa = XCBuildConfiguration;
			buildSettings = {
				ALWAYS_SEARCH_USER_PATHS = NO;
				CLANG_ANALYZER_NONNULL = YES;
				CLANG_ANALYZER_NUMBER_OBJECT_CONVERSION = YES_AGGRESSIVE;
				CLANG_CXX_LANGUAGE_STANDARD = "gnu++14";
				CLANG_CXX_LIBRARY = "libc++";
				CLANG_ENABLE_MODULES = YES;
				CLANG_ENABLE_OBJC_ARC = YES;
				CLANG_ENABLE_OBJC_WEAK = YES;
				CLANG_WARN_BLOCK_CAPTURE_AUTORELEASING = YES;
				CLANG_WARN_BOOL_CONVERSION = YES;
				CLANG_WARN_COMMA = YES;
				CLANG_WARN_CONSTANT_CONVERSION = YES;
				CLANG_WARN_DEPRECATED_OBJC_IMPLEMENTATIONS = YES;
				CLANG_WARN_DIRECT_OBJC_ISA_USAGE = YES_ERROR;
				CLANG_WARN_DOCUMENTATION_COMMENTS = YES;
				CLANG_WARN_EMPTY_BODY = YES;
				CLANG_WARN_ENUM_CONVERSION = YES;
				CLANG_WARN_INFINITE_RECURSION = YES;
				CLANG_WARN_INT_CONVERSION = YES;
				CLANG_WARN_NON_LITERAL_NULL_CONVERSION = YES;
				CLANG_WARN_OBJC_IMPLICIT_RETAIN_SELF = YES;
				CLANG_WARN_OBJC_LITERAL_CONVERSION = YES;
				CLANG_WARN_OBJC_ROOT_CLASS = YES_ERROR;
				CLANG_WARN_QUOTED_INCLUDE_IN_FRAMEWORK_HEADER = YES;
				CLANG_WARN_RANGE_LOOP_ANALYSIS = YES;
				CLANG_WARN_STRICT_PROTOTYPES = YES;
				CLANG_WARN_SUSPICIOUS_MOVE = YES;
				CLANG_WARN_UNGUARDED_AVAILABILITY = YES_AGGRESSIVE;
				CLANG_WARN_UNREACHABLE_CODE = YES;
				CLANG_WARN__DUPLICATE_METHOD_MATCH = YES;
				COPY_PHASE_STRIP = NO;
				DEBUG_INFORMATION_FORMAT = "dwarf-with-dsym";
				ENABLE_NS_ASSERTIONS = NO;
				ENABLE_STRICT_OBJC_MSGSEND = YES;
				GCC_C_LANGUAGE_STANDARD = gnu11;
				GCC_NO_COMMON_BLOCKS = YES;
				GCC_WARN_64_TO_32_BIT_CONVERSION = YES;
				GCC_WARN_ABOUT_RETURN_TYPE = YES_ERROR;
				GCC_WARN_UNDECLARED_SELECTOR = YES;
				GCC_WARN_UNINITIALIZED_AUTOS = YES_AGGRESSIVE;
				GCC_WARN_UNUSED_FUNCTION = YES;
				GCC_WARN_UNUSED_VARIABLE = YES;
				IPHONEOS_DEPLOYMENT_TARGET = 14.5;
				MTL_ENABLE_DEBUG_INFO = NO;
				MTL_FAST_MATH = YES;
				SDKROOT = iphoneos;
				SWIFT_COMPILATION_MODE = wholemodule;
				SWIFT_OPTIMIZATION_LEVEL = "-O";
				VALIDATE_PRODUCT = YES;
			};
			name = Release;
		};
		C88F7BFF272103A600670C04 /* Debug */ = {
			isa = XCBuildConfiguration;
			buildSettings = {
				ASSETCATALOG_COMPILER_APPICON_NAME = AppIcon;
				ASSETCATALOG_COMPILER_GLOBAL_ACCENT_COLOR_NAME = AccentColor;
				CODE_SIGN_STYLE = Automatic;
				INFOPLIST_FILE = DelegatesExample/Info.plist;
				LD_RUNPATH_SEARCH_PATHS = (
					"$(inherited)",
					"@executable_path/Frameworks",
				);
				PRODUCT_BUNDLE_IDENTIFIER = com.omargc.delegates.DelegatesExample;
				PRODUCT_NAME = "$(TARGET_NAME)";
				SWIFT_VERSION = 5.0;
				TARGETED_DEVICE_FAMILY = "1,2";
			};
			name = Debug;
		};
		C88F7C00272103A600670C04 /* Release */ = {
			isa = XCBuildConfiguration;
			buildSettings = {
				ASSETCATALOG_COMPILER_APPICON_NAME = AppIcon;
				ASSETCATALOG_COMPILER_GLOBAL_ACCENT_COLOR_NAME = AccentColor;
				CODE_SIGN_STYLE = Automatic;
				INFOPLIST_FILE = DelegatesExample/Info.plist;
				LD_RUNPATH_SEARCH_PATHS = (
					"$(inherited)",
					"@executable_path/Frameworks",
				);
				PRODUCT_BUNDLE_IDENTIFIER = com.omargc.delegates.DelegatesExample;
				PRODUCT_NAME = "$(TARGET_NAME)";
				SWIFT_VERSION = 5.0;
				TARGETED_DEVICE_FAMILY = "1,2";
			};
			name = Release;
		};
/* End XCBuildConfiguration section */

/* Begin XCConfigurationList section */
		C88F7BE5272103A400670C04 /* Build configuration list for PBXProject "DelegatesExample" */ = {
			isa = XCConfigurationList;
			buildConfigurations = (
				C88F7BFC272103A600670C04 /* Debug */,
				C88F7BFD272103A600670C04 /* Release */,
			);
			defaultConfigurationIsVisible = 0;
			defaultConfigurationName = Release;
		};
		C88F7BFE272103A600670C04 /* Build configuration list for PBXNativeTarget "DelegatesExample" */ = {
			isa = XCConfigurationList;
			buildConfigurations = (
				C88F7BFF272103A600670C04 /* Debug */,
				C88F7C00272103A600670C04 /* Release */,
			);
			defaultConfigurationIsVisible = 0;
			defaultConfigurationName = Release;
		};
/* End XCConfigurationList section */
	};
	rootObject = C88F7BE2272103A400670C04 /* Project object */;
}
